{
  "name": "fixly-app",
  "lockfileVersion": 3,
  "requires": true,
  "packages": {
    "": {
      "dependencies": {
        "expo-dev-client": "^57.0.10"
      }
    },
    "node_modules/@expo/schema-utils": {
      "version": "57.0.2",
      "resolved": "https://registry.npmjs.org/@expo/schema-utils/-/schema-utils-57.0.2.tgz",
      "integrity": "sha512-fMu/jyN0l1Wzv7XkeWR4IYCx1M8ryui3FdBNGrWwbRgJ7EhxXxK8E2jxP2W3pbgUwUY0V3hG8+GyfCZwny+Lxw==",
      "license": "MIT"
    },
    "node_modules/expo-dev-client": {
      "version": "57.0.10",
      "resolved": "https://registry.npmjs.org/expo-dev-client/-/expo-dev-client-57.0.10.tgz",
      "integrity": "sha512-aY6PVbD1R+XwIcrOucRnB/yJfB6qVHIHqgRV6F8LwOzo7DwZaa/ixs+O2itHH7BNbUiwkS8tFjtbzJ4vDx/ulw==",
      "license": "MIT",
      "dependencies": {
        "expo-dev-launcher": "~57.0.10",
        "expo-dev-menu": "~57.0.10",
        "expo-dev-menu-interface": "~57.0.0",
        "expo-manifests": "~57.0.1",
        "expo-updates-interface": "~57.0.1"
      },
      "peerDependencies": {
        "expo": "*"
      }
    },
    "node_modules/expo-dev-launcher": {
      "version": "57.0.10",
      "resolved": "https://registry.npmjs.org/expo-dev-launcher/-/expo-dev-launcher-57.0.10.tgz",
      "integrity": "sha512-LfGfiKDBzVgCXbIozbyzPU7yLdOtvmuH2U9jJbLEmkJxoExOy8NiFJoL8U+I/pYw3tj4I3GVkVOtZtItDFGn8Q==",
      "license": "MIT",
      "dependencies": {
        "@expo/schema-utils": "^57.0.2",
        "expo-dev-menu": "~57.0.10",
        "expo-manifests": "~57.0.1"
      },
      "peerDependencies": {
        "expo": "*",
        "react-native": "*"
      }
    },
    "node_modules/expo-dev-menu": {
      "version": "57.0.10",
      "resolved": "https://registry.npmjs.org/expo-dev-menu/-/expo-dev-menu-57.0.10.tgz",
      "integrity": "sha512-y9S8J2MfqEO1T6daH3HNsjR7S4TcLf3CpSvNAwSzj5x6wmJoMYEvxWkzKy7Ep1R21EFBeSET1sZ1mFCCCYjgBw==",
      "license": "MIT",
      "dependencies": {
        "expo-dev-menu-interface": "~57.0.0"
      },
      "peerDependencies": {
        "expo": "*",
        "react-native": "*"
      }
    },
    "node_modules/expo-dev-menu-interface": {
      "version": "57.0.0",
      "resolved": "https://registry.npmjs.org/expo-dev-menu-interface/-/expo-dev-menu-interface-57.0.0.tgz",
      "integrity": "sha512-F47VdzOHYc19FhI/jBgctpO8a5UskTIxG6a1E5t3W5gF8VImuvBQffdXXfLHhsuCl7dS3v3U0R45cleeVXO1Zg==",
      "license": "MIT",
      "peerDependencies": {
        "expo": "*"
      }
    },
    "node_modules/expo-json-utils": {
      "version": "57.0.1",
      "resolved": "https://registry.npmjs.org/expo-json-utils/-/expo-json-utils-57.0.1.tgz",
      "integrity": "sha512-cgTe1NqzQdYs/WN+3nIY5IZg8s0pb0xaTUbhYvxQDn137GbwRfHoGM2se3m3Vsl4Qu+B9G4RPEK5WJDEU2Do7g==",
      "license": "MIT"
    },
    "node_modules/expo-manifests": {
      "version": "57.0.1",
      "resolved": "https://registry.npmjs.org/expo-manifests/-/expo-manifests-57.0.1.tgz",
      "integrity": "sha512-qB/mDG2dYdl+EvUeQuqP8KFYCFgFCQjJYdWIHo8SFBgDzMYmdF286DFY2M1M9Okr99wkb5M4tgA3aCcwv3aEQA==",
      "license": "MIT",
      "dependencies": {
        "expo-json-utils": "~57.0.1"
      },
      "peerDependencies": {
        "expo": "*"
      }
    },
    "node_modules/expo-updates-interface": {
      "version": "57.0.1",
      "resolved": "https://registry.npmjs.org/expo-updates-interface/-/expo-updates-interface-57.0.1.tgz",
      "integrity": "sha512-+LUWwJ0gf/TEKMVdQAw/Gjih4dvrk+URgy24X9qEGKuuMDZqjBRm9T4yQyBVALGL5TTdPUaB6ILxx3lshm3pwQ==",
      "license": "MIT",
      "peerDependencies": {
        "expo": "*"
      }
    }
  }
}
